
Microsoft Visual Studio Solution File, Format Version 12.00
# Visual Studio Version 17
VisualStudioVersion = 17.12.35527.113 d17.12
MinimumVisualStudioVersion = 10.0.40219.1
Project("{FAE04EC0-301F-11D3-BF4B-00C04F79EFBC}") = "RimeSharp", "RimeSharp\RimeSharp.csproj", "{9B31710F-1073-48C0-8A54-E0166D89C1C0}"
EndProject
Project("{FAE04EC0-301F-11D3-BF4B-00C04F79EFBC}") = "RimeSharp.Test", "RimeSharp.Test\RimeSharp.Test.csproj", "{D0B0625A-3B14-4FD1-8F1F-2E1DE22F3B58}"
EndProject
Global
	GlobalSection(SolutionConfigurationPlatforms) = preSolution
		Debug|Any CPU = Debug|Any CPU
		Release|Any CPU = Release|Any CPU
	EndGlobalSection
	GlobalSection(ProjectConfigurationPlatforms) = postSolution
		{9B31710F-1073-48C0-8A54-E0166D89C1C0}.Debug|Any CPU.ActiveCfg = Debug|Any CPU
		{9B31710F-1073-48C0-8A54-E0166D89C1C0}.Debug|Any CPU.Build.0 = Debug|Any CPU
		{9B31710F-1073-48C0-8A54-E0166D89C1C0}.Release|Any CPU.ActiveCfg = Release|Any CPU
		{9B31710F-1073-48C0-8A54-E0166D89C1C0}.Release|Any CPU.Build.0 = Release|Any CPU
		{D0B0625A-3B14-4FD1-8F1F-2E1DE22F3B58}.Debug|Any CPU.ActiveCfg = Debug|Any CPU
		{D0B0625A-3B14-4FD1-8F1F-2E1DE22F3B58}.Debug|Any CPU.Build.0 = Debug|Any CPU
		{D0B0625A-3B14-4FD1-8F1F-2E1DE22F3B58}.Release|Any CPU.ActiveCfg = Release|Any CPU
		{D0B0625A-3B14-4FD1-8F1F-2E1DE22F3B58}.Release|Any CPU.Build.0 = Release|Any CPU
	EndGlobalSection
	GlobalSection(SolutionProperties) = preSolution
		HideSolutionNode = FALSE
	EndGlobalSection
EndGlobal
